
Microsoft Visual Studio Solution File, Format Version 12.00
# Visual Studio 14
VisualStudioVersion = 14.0.24720.0
MinimumVisualStudioVersion = 10.0.40219.1
Project("{FAE04EC0-301F-11D3-BF4B-00C04F79EFBC}") = "Nancy.Gzip", "Nancy.Gzip\Nancy.Gzip.csproj", "{9097C7C3-738E-4421-8C79-EEAF15621F4A}"
EndProject
Project("{FAE04EC0-301F-11D3-BF4B-00C04F79EFBC}") = "Nancy.Gzip.Tests", "Nancy.Gzip.Tests\Nancy.Gzip.Tests.csproj", "{64658E60-EE4A-418E-9B95-F915D719A07B}"
EndProject
Global
	GlobalSection(SolutionConfigurationPlatforms) = preSolution
		Debug|Any CPU = Debug|Any CPU
		Release|Any CPU = Release|Any CPU
	EndGlobalSection
	GlobalSection(ProjectConfigurationPlatforms) = postSolution
		{9097C7C3-738E-4421-8C79-EEAF15621F4A}.Debug|Any CPU.ActiveCfg = Debug|Any CPU
		{9097C7C3-738E-4421-8C79-EEAF15621F4A}.Debug|Any CPU.Build.0 = Debug|Any CPU
		{9097C7C3-738E-4421-8C79-EEAF15621F4A}.Release|Any CPU.ActiveCfg = Release|Any CPU
		{9097C7C3-738E-4421-8C79-EEAF15621F4A}.Release|Any CPU.Build.0 = Release|Any CPU
		{64658E60-EE4A-418E-9B95-F915D719A07B}.Debug|Any CPU.ActiveCfg = Debug|Any CPU
		{64658E60-EE4A-418E-9B95-F915D719A07B}.Debug|Any CPU.Build.0 = Debug|Any CPU
		{64658E60-EE4A-418E-9B95-F915D719A07B}.Release|Any CPU.ActiveCfg = Release|Any CPU
		{64658E60-EE4A-418E-9B95-F915D719A07B}.Release|Any CPU.Build.0 = Release|Any CPU
	EndGlobalSection
	GlobalSection(SolutionProperties) = preSolution
		HideSolutionNode = FALSE
	EndGlobalSection
EndGlobal
